
Microsoft Visual Studio Solution File, Format Version 12.00
# Visual Studio 15
VisualStudioVersion = 15.0.28010.2003
MinimumVisualStudioVersion = 10.0.40219.1
Project("{FAE04EC0-301F-11D3-BF4B-00C04F79EFBC}") = "JS01", "JS01\JS01.csproj", "{05256671-E061-4A69-B186-6144C9262FA7}"
EndProject
Global
	GlobalSection(SolutionConfigurationPlatforms) = preSolution
		Debug|Any CPU = Debug|Any CPU
		Release|Any CPU = Release|Any CPU
	EndGlobalSection
	GlobalSection(ProjectConfigurationPlatforms) = postSolution
		{05256671-E061-4A69-B186-6144C9262FA7}.Debug|Any CPU.ActiveCfg = Debug|Any CPU
		{05256671-E061-4A69-B186-6144C9262FA7}.Debug|Any CPU.Build.0 = Debug|Any CPU
		{05256671-E061-4A69-B186-6144C9262FA7}.Release|Any CPU.ActiveCfg = Release|Any CPU
		{05256671-E061-4A69-B186-6144C9262FA7}.Release|Any CPU.Build.0 = Release|Any CPU
	EndGlobalSection
	GlobalSection(SolutionProperties) = preSolution
		HideSolutionNode = FALSE
	EndGlobalSection
	GlobalSection(ExtensibilityGlobals) = postSolution
		SolutionGuid = {477BF147-FC03-44C5-BCB8-198B3B8AB46F}
	EndGlobalSection
EndGlobal
